
Microsoft Visual Studio Solution File, Format Version 12.00
# Visual Studio Version 17
VisualStudioVersion = 17.7.34024.191
MinimumVisualStudioVersion = 10.0.40219.1
Project("{FAE04EC0-301F-11D3-BF4B-00C04F79EFBC}") = "AVladyslav.TaskPlanner.ConsoleRunner", "AVladyslav.TaskPlanner.ConsoleRunner\AVladyslav.TaskPlanner.ConsoleRunner.csproj", "{A889F951-30FB-45BF-8330-F269DB94A447}"
EndProject
Global
	GlobalSection(SolutionConfigurationPlatforms) = preSolution
		Debug|Any CPU = Debug|Any CPU
		Release|Any CPU = Release|Any CPU
	EndGlobalSection
	GlobalSection(ProjectConfigurationPlatforms) = postSolution
		{A889F951-30FB-45BF-8330-F269DB94A447}.Debug|Any CPU.ActiveCfg = Debug|Any CPU
		{A889F951-30FB-45BF-8330-F269DB94A447}.Debug|Any CPU.Build.0 = Debug|Any CPU
		{A889F951-30FB-45BF-8330-F269DB94A447}.Release|Any CPU.ActiveCfg = Release|Any CPU
		{A889F951-30FB-45BF-8330-F269DB94A447}.Release|Any CPU.Build.0 = Release|Any CPU
	EndGlobalSection
	GlobalSection(SolutionProperties) = preSolution
		HideSolutionNode = FALSE
	EndGlobalSection
	GlobalSection(ExtensibilityGlobals) = postSolution
		SolutionGuid = {CADC1876-21C3-43C3-BE94-053E62DF016A}
	EndGlobalSection
EndGlobal
